
Microsoft Visual Studio Solution File, Format Version 12.00
# Visual Studio Version 16
VisualStudioVersion = 16.0.31129.286
MinimumVisualStudioVersion = 10.0.40219.1
Project("{FAE04EC0-301F-11D3-BF4B-00C04F79EFBC}") = "InventoryCore", "InventoryCore\InventoryCore.csproj", "{C64607B6-7541-4B99-A4E4-82BF87C72588}"
EndProject
Project("{FAE04EC0-301F-11D3-BF4B-00C04F79EFBC}") = "XunitTest", "XunitTest\XunitTest.csproj", "{E67121EC-09FF-486D-8AE1-2F5E775E3FDE}"
EndProject
Global
	GlobalSection(SolutionConfigurationPlatforms) = preSolution
		Debug|Any CPU = Debug|Any CPU
		Release|Any CPU = Release|Any CPU
	EndGlobalSection
	GlobalSection(ProjectConfigurationPlatforms) = postSolution
		{C64607B6-7541-4B99-A4E4-82BF87C72588}.Debug|Any CPU.ActiveCfg = Debug|Any CPU
		{C64607B6-7541-4B99-A4E4-82BF87C72588}.Debug|Any CPU.Build.0 = Debug|Any CPU
		{C64607B6-7541-4B99-A4E4-82BF87C72588}.Release|Any CPU.ActiveCfg = Release|Any CPU
		{C64607B6-7541-4B99-A4E4-82BF87C72588}.Release|Any CPU.Build.0 = Release|Any CPU
		{E67121EC-09FF-486D-8AE1-2F5E775E3FDE}.Debug|Any CPU.ActiveCfg = Debug|Any CPU
		{E67121EC-09FF-486D-8AE1-2F5E775E3FDE}.Debug|Any CPU.Build.0 = Debug|Any CPU
		{E67121EC-09FF-486D-8AE1-2F5E775E3FDE}.Release|Any CPU.ActiveCfg = Release|Any CPU
		{E67121EC-09FF-486D-8AE1-2F5E775E3FDE}.Release|Any CPU.Build.0 = Release|Any CPU
	EndGlobalSection
	GlobalSection(SolutionProperties) = preSolution
		HideSolutionNode = FALSE
	EndGlobalSection
	GlobalSection(ExtensibilityGlobals) = postSolution
		SolutionGuid = {47DE1069-FDDB-4B47-9D3E-510052296C11}
	EndGlobalSection
EndGlobal
